// !$*UTF8*$!
{
	archiveVersion = 1;
	classes = {
	};
	objectVersion = 56;
	objects = {

/* Begin PBXBuildFile section */
		D24B03BC2AB4FC140082F7F1 /* TableViewCell.swift in Sources */ = {isa = PBXBuildFile; fileRef = D24B03BB2AB4FC140082F7F1 /* TableViewCell.swift */; };
		D24B03BE2AB50AA50082F7F1 /* Item.swift in Sources */ = {isa = PBXBuildFile; fileRef = D24B03BD2AB50AA50082F7F1 /* Item.swift */; };
		D24B03C02AB5150F0082F7F1 /* TableViewCellDrinks.swift in Sources */ = {isa = PBXBuildFile; fileRef = D24B03BF2AB5150F0082F7F1 /* TableViewCellDrinks.swift */; };
		D2D6BDAD2AB4DD7B008CA72E /* AppDelegate.swift in Sources */ = {isa = PBXBuildFile; fileRef = D2D6BDAC2AB4DD7B008CA72E /* AppDelegate.swift */; };
		D2D6BDAF2AB4DD7B008CA72E /* SceneDelegate.swift in Sources */ = {isa = PBXBuildFile; fileRef = D2D6BDAE2AB4DD7B008CA72E /* SceneDelegate.swift */; };
		D2D6BDB12AB4DD7B008CA72E /* ViewController.swift in Sources */ = {isa = PBXBuildFile; fileRef = D2D6BDB02AB4DD7B008CA72E /* ViewController.swift */; };
		D2D6BDB42AB4DD7B008CA72E /* Main.storyboard in Resources */ = {isa = PBXBuildFile; fileRef = D2D6BDB22AB4DD7B008CA72E /* Main.storyboard */; };
		D2D6BDB62AB4DD7D008CA72E /* Assets.xcassets in Resources */ = {isa = PBXBuildFile; fileRef = D2D6BDB52AB4DD7D008CA72E /* Assets.xcassets */; };
		D2D6BDB92AB4DD7D008CA72E /* LaunchScreen.storyboard in Resources */ = {isa = PBXBuildFile; fileRef = D2D6BDB72AB4DD7D008CA72E /* LaunchScreen.storyboard */; };
		D2D6BDC12AB4E902008CA72E /* DrinkItems.swift in Sources */ = {isa = PBXBuildFile; fileRef = D2D6BDC02AB4E902008CA72E /* DrinkItems.swift */; };
		D2D6BDC32AB4E907008CA72E /* FoodItems.swift in Sources */ = {isa = PBXBuildFile; fileRef = D2D6BDC22AB4E907008CA72E /* FoodItems.swift */; };
/* End PBXBuildFile section */

/* Begin PBXFileReference section */
		D24B03BB2AB4FC140082F7F1 /* TableViewCell.swift */ = {isa = PBXFileReference; lastKnownFileType = sourcecode.swift; path = TableViewCell.swift; sourceTree = "<group>"; };
		D24B03BD2AB50AA50082F7F1 /* Item.swift */ = {isa = PBXFileReference; lastKnownFileType = sourcecode.swift; path = Item.swift; sourceTree = "<group>"; };
		D24B03BF2AB5150F0082F7F1 /* TableViewCellDrinks.swift */ = {isa = PBXFileReference; lastKnownFileType = sourcecode.swift; path = TableViewCellDrinks.swift; sourceTree = "<group>"; };
		D2D6BDA92AB4DD7B008CA72E /* LAB2MA.app */ = {isa = PBXFileReference; explicitFileType = wrapper.application; includeInIndex = 0; path = LAB2MA.app; sourceTree = BUILT_PRODUCTS_DIR; };
		D2D6BDAC2AB4DD7B008CA72E /* AppDelegate.swift */ = {isa = PBXFileReference; lastKnownFileType = sourcecode.swift; path = AppDelegate.swift; sourceTree = "<group>"; };
		D2D6BDAE2AB4DD7B008CA72E /* SceneDelegate.swift */ = {isa = PBXFileReference; lastKnownFileType = sourcecode.swift; path = SceneDelegate.swift; sourceTree = "<group>"; };
		D2D6BDB02AB4DD7B008CA72E /* ViewController.swift */ = {isa = PBXFileReference; lastKnownFileType = sourcecode.swift; path = ViewController.swift; sourceTree = "<group>"; };
		D2D6BDB32AB4DD7B008CA72E /* Base */ = {isa = PBXFileReference; lastKnownFileType = file.storyboard; name = Base; path = Base.lproj/Main.storyboard; sourceTree = "<group>"; };
		D2D6BDB52AB4DD7D008CA72E /* Assets.xcassets */ = {isa = PBXFileReference; lastKnownFileType = folder.assetcatalog; path = Assets.xcassets; sourceTree = "<group>"; };
		D2D6BDB82AB4DD7D008CA72E /* Base */ = {isa = PBXFileReference; lastKnownFileType = file.storyboard; name = Base; path = Base.lproj/LaunchScreen.storyboard; sourceTree = "<group>"; };
		D2D6BDBA2AB4DD7D008CA72E /* Info.plist */ = {isa = PBXFileReference; lastKnownFileType = text.plist.xml; path = Info.plist; sourceTree = "<group>"; };
		D2D6BDC02AB4E902008CA72E /* DrinkItems.swift */ = {isa = PBXFileReference; lastKnownFileType = sourcecode.swift; path = DrinkItems.swift; sourceTree = "<group>"; };
		D2D6BDC22AB4E907008CA72E /* FoodItems.swift */ = {isa = PBXFileReference; lastKnownFileType = sourcecode.swift; path = FoodItems.swift; sourceTree = "<group>"; };
/* End PBXFileReference section */

/* Begin PBXFrameworksBuildPhase section */
		D2D6BDA62AB4DD7B008CA72E /* Frameworks */ = {
			isa = PBXFrameworksBuildPhase;
			buildActionMask = 2147483647;
			files = (
			);
			runOnlyForDeploymentPostprocessing = 0;
		};
/* End PBXFrameworksBuildPhase section */

/* Begin PBXGroup section */
		D2D6BDA02AB4DD7B008CA72E = {
			isa = PBXGroup;
			children = (
				D2D6BDAB2AB4DD7B008CA72E /* LAB2MA */,
				D2D6BDAA2AB4DD7B008CA72E /* Products */,
			);
			sourceTree = "<group>";
		};
		D2D6BDAA2AB4DD7B008CA72E /* Products */ = {
			isa = PBXGroup;
			children = (
				D2D6BDA92AB4DD7B008CA72E /* LAB2MA.app */,
			);
			name = Products;
			sourceTree = "<group>";
		};
		D2D6BDAB2AB4DD7B008CA72E /* LAB2MA */ = {
			isa = PBXGroup;
			children = (
				D2D6BDAC2AB4DD7B008CA72E /* AppDelegate.swift */,
				D2D6BDAE2AB4DD7B008CA72E /* SceneDelegate.swift */,
				D2D6BDB02AB4DD7B008CA72E /* ViewController.swift */,
				D2D6BDC02AB4E902008CA72E /* DrinkItems.swift */,
				D2D6BDC22AB4E907008CA72E /* FoodItems.swift */,
				D24B03BD2AB50AA50082F7F1 /* Item.swift */,
				D24B03BB2AB4FC140082F7F1 /* TableViewCell.swift */,
				D2D6BDB22AB4DD7B008CA72E /* Main.storyboard */,
				D24B03BF2AB5150F0082F7F1 /* TableViewCellDrinks.swift */,
				D2D6BDB52AB4DD7D008CA72E /* Assets.xcassets */,
				D2D6BDB72AB4DD7D008CA72E /* LaunchScreen.storyboard */,
				D2D6BDBA2AB4DD7D008CA72E /* Info.plist */,
			);
			path = LAB2MA;
			sourceTree = "<group>";
		};
/* End PBXGroup section */

/* Begin PBXNativeTarget section */
		D2D6BDA82AB4DD7B008CA72E /* LAB2MA */ = {
			isa = PBXNativeTarget;
			buildConfigurationList = D2D6BDBD2AB4DD7D008CA72E /* Build configuration list for PBXNativeTarget "LAB2MA" */;
			buildPhases = (
				D2D6BDA52AB4DD7B008CA72E /* Sources */,
				D2D6BDA62AB4DD7B008CA72E /* Frameworks */,
				D2D6BDA72AB4DD7B008CA72E /* Resources */,
			);
			buildRules = (
			);
			dependencies = (
			);
			name = LAB2MA;
			productName = LAB2MA;
			productReference = D2D6BDA92AB4DD7B008CA72E /* LAB2MA.app */;
			productType = "com.apple.product-type.application";
		};
/* End PBXNativeTarget section */

/* Begin PBXProject section */
		D2D6BDA12AB4DD7B008CA72E /* Project object */ = {
			isa = PBXProject;
			attributes = {
				BuildIndependentTargetsInParallel = 1;
				LastSwiftUpdateCheck = 1430;
				LastUpgradeCheck = 1430;
				TargetAttributes = {
					D2D6BDA82AB4DD7B008CA72E = {
						CreatedOnToolsVersion = 14.3.1;
					};
				};
			};
			buildConfigurationList = D2D6BDA42AB4DD7B008CA72E /* Build configuration list for PBXProject "LAB2MA" */;
			compatibilityVersion = "Xcode 14.0";
			developmentRegion = en;
			hasScannedForEncodings = 0;
			knownRegions = (
				en,
				Base,
			);
			mainGroup = D2D6BDA02AB4DD7B008CA72E;
			productRefGroup = D2D6BDAA2AB4DD7B008CA72E /* Products */;
			projectDirPath = "";
			projectRoot = "";
			targets = (
				D2D6BDA82AB4DD7B008CA72E /* LAB2MA */,
			);
		};
/* End PBXProject section */

/* Begin PBXResourcesBuildPhase section */
		D2D6BDA72AB4DD7B008CA72E /* Resources */ = {
			isa = PBXResourcesBuildPhase;
			buildActionMask = 2147483647;
			files = (
				D2D6BDB92AB4DD7D008CA72E /* LaunchScreen.storyboard in Resources */,
				D2D6BDB62AB4DD7D008CA72E /* Assets.xcassets in Resources */,
				D2D6BDB42AB4DD7B008CA72E /* Main.storyboard in Resources */,
			);
			runOnlyForDeploymentPostprocessing = 0;
		};
/* End PBXResourcesBuildPhase section */

/* Begin PBXSourcesBuildPhase section */
		D2D6BDA52AB4DD7B008CA72E /* Sources */ = {
			isa = PBXSourcesBuildPhase;
			buildActionMask = 2147483647;
			files = (
				D24B03BC2AB4FC140082F7F1 /* TableViewCell.swift in Sources */,
				D2D6BDB12AB4DD7B008CA72E /* ViewController.swift in Sources */,
				D24B03C02AB5150F0082F7F1 /* TableViewCellDrinks.swift in Sources */,
				D2D6BDC12AB4E902008CA72E /* DrinkItems.swift in Sources */,
				D2D6BDAD2AB4DD7B008CA72E /* AppDelegate.swift in Sources */,
				D24B03BE2AB50AA50082F7F1 /* Item.swift in Sources */,
				D2D6BDAF2AB4DD7B008CA72E /* SceneDelegate.swift in Sources */,
				D2D6BDC32AB4E907008CA72E /* FoodItems.swift in Sources */,
			);
			runOnlyForDeploymentPostprocessing = 0;
		};
/* End PBXSourcesBuildPhase section */

/* Begin PBXVariantGroup section */
		D2D6BDB22AB4DD7B008CA72E /* Main.storyboard */ = {
			isa = PBXVariantGroup;
			children = (
				D2D6BDB32AB4DD7B008CA72E /* Base */,
			);
			name = Main.storyboard;
			sourceTree = "<group>";
		};
		D2D6BDB72AB4DD7D008CA72E /* LaunchScreen.storyboard */ = {
			isa = PBXVariantGroup;
			children = (
				D2D6BDB82AB4DD7D008CA72E /* Base */,
			);
			name = LaunchScreen.storyboard;
			sourceTree = "<group>";
		};
/* End PBXVariantGroup section */

/* Begin XCBuildConfiguration section */
		D2D6BDBB2AB4DD7D008CA72E /* Debug */ = {
			isa = XCBuildConfiguration;
			buildSettings = {
				ALWAYS_SEARCH_USER_PATHS = NO;
				CLANG_ANALYZER_NONNULL = YES;
				CLANG_ANALYZER_NUMBER_OBJECT_CONVERSION = YES_AGGRESSIVE;
				CLANG_CXX_LANGUAGE_STANDARD = "gnu++20";
				CLANG_ENABLE_MODULES = YES;
				CLANG_ENABLE_OBJC_ARC = YES;
				CLANG_ENABLE_OBJC_WEAK = YES;
				CLANG_WARN_BLOCK_CAPTURE_AUTORELEASING = YES;
				CLANG_WARN_BOOL_CONVERSION = YES;
				CLANG_WARN_COMMA = YES;
				CLANG_WARN_CONSTANT_CONVERSION = YES;
				CLANG_WARN_DEPRECATED_OBJC_IMPLEMENTATIONS = YES;
				CLANG_WARN_DIRECT_OBJC_ISA_USAGE = YES_ERROR;
				CLANG_WARN_DOCUMENTATION_COMMENTS = YES;
				CLANG_WARN_EMPTY_BODY = YES;
				CLANG_WARN_ENUM_CONVERSION = YES;
				CLANG_WARN_INFINITE_RECURSION = YES;
				CLANG_WARN_INT_CONVERSION = YES;
				CLANG_WARN_NON_LITERAL_NULL_CONVERSION = YES;
				CLANG_WARN_OBJC_IMPLICIT_RETAIN_SELF = YES;
				CLANG_WARN_OBJC_LITERAL_CONVERSION = YES;
				CLANG_WARN_OBJC_ROOT_CLASS = YES_ERROR;
				CLANG_WARN_QUOTED_INCLUDE_IN_FRAMEWORK_HEADER = YES;
				CLANG_WARN_RANGE_LOOP_ANALYSIS = YES;
				CLANG_WARN_STRICT_PROTOTYPES = YES;
				CLANG_WARN_SUSPICIOUS_MOVE = YES;
				CLANG_WARN_UNGUARDED_AVAILABILITY = YES_AGGRESSIVE;
				CLANG_WARN_UNREACHABLE_CODE = YES;
				CLANG_WARN__DUPLICATE_METHOD_MATCH = YES;
				COPY_PHASE_STRIP = NO;
				DEBUG_INFORMATION_FORMAT = dwarf;
				ENABLE_STRICT_OBJC_MSGSEND = YES;
				ENABLE_TESTABILITY = YES;
				GCC_C_LANGUAGE_STANDARD = gnu11;
				GCC_DYNAMIC_NO_PIC = NO;
				GCC_NO_COMMON_BLOCKS = YES;
				GCC_OPTIMIZATION_LEVEL = 0;
				GCC_PREPROCESSOR_DEFINITIONS = (
					"DEBUG=1",
					"$(inherited)",
				);
				GCC_WARN_64_TO_32_BIT_CONVERSION = YES;
				GCC_WARN_ABOUT_RETURN_TYPE = YES_ERROR;
				GCC_WARN_UNDECLARED_SELECTOR = YES;
				GCC_WARN_UNINITIALIZED_AUTOS = YES_AGGRESSIVE;
				GCC_WARN_UNUSED_FUNCTION = YES;
				GCC_WARN_UNUSED_VARIABLE = YES;
				IPHONEOS_DEPLOYMENT_TARGET = 16.4;
				MTL_ENABLE_DEBUG_INFO = INCLUDE_SOURCE;
				MTL_FAST_MATH = YES;
				ONLY_ACTIVE_ARCH = YES;
				SDKROOT = iphoneos;
				SWIFT_ACTIVE_COMPILATION_CONDITIONS = DEBUG;
				SWIFT_OPTIMIZATION_LEVEL = "-Onone";
			};
			name = Debug;
		};
		D2D6BDBC2AB4DD7D008CA72E /* Release */ = {
			isa = XCBuildConfiguration;
			buildSettings = {
				ALWAYS_SEARCH_USER_PATHS = NO;
				CLANG_ANALYZER_NONNULL = YES;
				CLANG_ANALYZER_NUMBER_OBJECT_CONVERSION = YES_AGGRESSIVE;
				CLANG_CXX_LANGUAGE_STANDARD = "gnu++20";
				CLANG_ENABLE_MODULES = YES;
				CLANG_ENABLE_OBJC_ARC = YES;
				CLANG_ENABLE_OBJC_WEAK = YES;
				CLANG_WARN_BLOCK_CAPTURE_AUTORELEASING = YES;
				CLANG_WARN_BOOL_CONVERSION = YES;
				CLANG_WARN_COMMA = YES;
				CLANG_WARN_CONSTANT_CONVERSION = YES;
				CLANG_WARN_DEPRECATED_OBJC_IMPLEMENTATIONS = YES;
				CLANG_WARN_DIRECT_OBJC_ISA_USAGE = YES_ERROR;
				CLANG_WARN_DOCUMENTATION_COMMENTS = YES;
				CLANG_WARN_EMPTY_BODY = YES;
				CLANG_WARN_ENUM_CONVERSION = YES;
				CLANG_WARN_INFINITE_RECURSION = YES;
				CLANG_WARN_INT_CONVERSION = YES;
				CLANG_WARN_NON_LITERAL_NULL_CONVERSION = YES;
				CLANG_WARN_OBJC_IMPLICIT_RETAIN_SELF = YES;
				CLANG_WARN_OBJC_LITERAL_CONVERSION = YES;
				CLANG_WARN_OBJC_ROOT_CLASS = YES_ERROR;
				CLANG_WARN_QUOTED_INCLUDE_IN_FRAMEWORK_HEADER = YES;
				CLANG_WARN_RANGE_LOOP_ANALYSIS = YES;
				CLANG_WARN_STRICT_PROTOTYPES = YES;
				CLANG_WARN_SUSPICIOUS_MOVE = YES;
				CLANG_WARN_UNGUARDED_AVAILABILITY = YES_AGGRESSIVE;
				CLANG_WARN_UNREACHABLE_CODE = YES;
				CLANG_WARN__DUPLICATE_METHOD_MATCH = YES;
				COPY_PHASE_STRIP = NO;
				DEBUG_INFORMATION_FORMAT = "dwarf-with-dsym";
				ENABLE_NS_ASSERTIONS = NO;
				ENABLE_STRICT_OBJC_MSGSEND = YES;
				GCC_C_LANGUAGE_STANDARD = gnu11;
				GCC_NO_COMMON_BLOCKS = YES;
				GCC_WARN_64_TO_32_BIT_CONVERSION = YES;
				GCC_WARN_ABOUT_RETURN_TYPE = YES_ERROR;
				GCC_WARN_UNDECLARED_SELECTOR = YES;
				GCC_WARN_UNINITIALIZED_AUTOS = YES_AGGRESSIVE;
				GCC_WARN_UNUSED_FUNCTION = YES;
				GCC_WARN_UNUSED_VARIABLE = YES;
				IPHONEOS_DEPLOYMENT_TARGET = 16.4;
				MTL_ENABLE_DEBUG_INFO = NO;
				MTL_FAST_MATH = YES;
				SDKROOT = iphoneos;
				SWIFT_COMPILATION_MODE = wholemodule;
				SWIFT_OPTIMIZATION_LEVEL = "-O";
				VALIDATE_PRODUCT = YES;
			};
			name = Release;
		};
		D2D6BDBE2AB4DD7D008CA72E /* Debug */ = {
			isa = XCBuildConfiguration;
			buildSettings = {
				ASSETCATALOG_COMPILER_APPICON_NAME = AppIcon;
				ASSETCATALOG_COMPILER_GLOBAL_ACCENT_COLOR_NAME = AccentColor;
				CODE_SIGN_STYLE = Automatic;
				CURRENT_PROJECT_VERSION = 1;
				GENERATE_INFOPLIST_FILE = YES;
				INFOPLIST_FILE = LAB2MA/Info.plist;
				INFOPLIST_KEY_UIApplicationSupportsIndirectInputEvents = YES;
				INFOPLIST_KEY_UILaunchStoryboardName = LaunchScreen;
				INFOPLIST_KEY_UIMainStoryboardFile = Main;
				INFOPLIST_KEY_UISupportedInterfaceOrientations_iPad = "UIInterfaceOrientationPortrait UIInterfaceOrientationPortraitUpsideDown UIInterfaceOrientationLandscapeLeft UIInterfaceOrientationLandscapeRight";
				INFOPLIST_KEY_UISupportedInterfaceOrientations_iPhone = "UIInterfaceOrientationPortrait UIInterfaceOrientationLandscapeLeft UIInterfaceOrientationLandscapeRight";
				LD_RUNPATH_SEARCH_PATHS = (
					"$(inherited)",
					"@executable_path/Frameworks",
				);
				MARKETING_VERSION = 1.0;
				PRODUCT_BUNDLE_IDENTIFIER = ddcode.LAB2MA;
				PRODUCT_NAME = "$(TARGET_NAME)";
				SWIFT_EMIT_LOC_STRINGS = YES;
				SWIFT_VERSION = 5.0;
				TARGETED_DEVICE_FAMILY = "1,2";
			};
			name = Debug;
		};
		D2D6BDBF2AB4DD7D008CA72E /* Release */ = {
			isa = XCBuildConfiguration;
			buildSettings = {
				ASSETCATALOG_COMPILER_APPICON_NAME = AppIcon;
				ASSETCATALOG_COMPILER_GLOBAL_ACCENT_COLOR_NAME = AccentColor;
				CODE_SIGN_STYLE = Automatic;
				CURRENT_PROJECT_VERSION = 1;
				GENERATE_INFOPLIST_FILE = YES;
				INFOPLIST_FILE = LAB2MA/Info.plist;
				INFOPLIST_KEY_UIApplicationSupportsIndirectInputEvents = YES;
				INFOPLIST_KEY_UILaunchStoryboardName = LaunchScreen;
				INFOPLIST_KEY_UIMainStoryboardFile = Main;
				INFOPLIST_KEY_UISupportedInterfaceOrientations_iPad = "UIInterfaceOrientationPortrait UIInterfaceOrientationPortraitUpsideDown UIInterfaceOrientationLandscapeLeft UIInterfaceOrientationLandscapeRight";
				INFOPLIST_KEY_UISupportedInterfaceOrientations_iPhone = "UIInterfaceOrientationPortrait UIInterfaceOrientationLandscapeLeft UIInterfaceOrientationLandscapeRight";
				LD_RUNPATH_SEARCH_PATHS = (
					"$(inherited)",
					"@executable_path/Frameworks",
				);
				MARKETING_VERSION = 1.0;
				PRODUCT_BUNDLE_IDENTIFIER = ddcode.LAB2MA;
				PRODUCT_NAME = "$(TARGET_NAME)";
				SWIFT_EMIT_LOC_STRINGS = YES;
				SWIFT_VERSION = 5.0;
				TARGETED_DEVICE_FAMILY = "1,2";
			};
			name = Release;
		};
/* End XCBuildConfiguration section */

/* Begin XCConfigurationList section */
		D2D6BDA42AB4DD7B008CA72E /* Build configuration list for PBXProject "LAB2MA" */ = {
			isa = XCConfigurationList;
			buildConfigurations = (
				D2D6BDBB2AB4DD7D008CA72E /* Debug */,
				D2D6BDBC2AB4DD7D008CA72E /* Release */,
			);
			defaultConfigurationIsVisible = 0;
			defaultConfigurationName = Release;
		};
		D2D6BDBD2AB4DD7D008CA72E /* Build configuration list for PBXNativeTarget "LAB2MA" */ = {
			isa = XCConfigurationList;
			buildConfigurations = (
				D2D6BDBE2AB4DD7D008CA72E /* Debug */,
				D2D6BDBF2AB4DD7D008CA72E /* Release */,
			);
			defaultConfigurationIsVisible = 0;
			defaultConfigurationName = Release;
		};
/* End XCConfigurationList section */
	};
	rootObject = D2D6BDA12AB4DD7B008CA72E /* Project object */;
}
